# This file is autogenerated, do not edit; changes may be undone by the next 'dep ensure'.


[[projects]]
  name = "periph.io/x/periph"
  packages = [".","conn","conn/gpio","conn/gpio/gpioreg","conn/i2c","conn/i2c/i2creg","conn/pin","conn/pin/pinreg","conn/spi","conn/spi/spireg","devices","host","host/allwinner","host/bcm283x","host/chip","host/cpu","host/distro","host/fs","host/odroidc1","host/pine64","host/pmem","host/rpi","host/sysfs","host/videocore"]
  revision = "bdb4e4c4979bc79ee8c99e6432bd16519d7902a1"
  version = "v2.1.0"

[solve-meta]
  analyzer-name = "dep"
  analyzer-version = 1
  inputs-digest = "b6dedb98a701092a9e4163fa0cf4b3ed70816a7c6bc3ee11efdf7c0d0d7ed9a0"
  solver-name = "gps-cdcl"
  solver-version = 1
